{
  "name": "rolldown-plugins",
  "lockfileVersion": 3,
  "requires": true,
  "packages": {
    "": {
      "name": "rolldown-plugins",
      "license": "Unlicense",
      "workspaces": [
        "packages/*"
      ],
      "devDependencies": {
        "@tsconfig/node24": "^24.0.1"
      }
    },
    "node_modules/@power.js/rolldown-plugin-delete": {
      "resolved": "packages/delete",
      "link": true
    },
    "node_modules/@tsconfig/node24": {
      "version": "24.0.1",
      "resolved": "https://registry.npmjs.org/@tsconfig/node24/-/node24-24.0.1.tgz",
      "integrity": "sha512-3+IXshza3bIrT0tbHBr9CixQDVf4iBf0HTR0hCYowhpLqkzJjswu3UY8aZWjRXZep31kYB+o2SQeD8KwIoUHYw==",
      "dev": true,
      "license": "MIT"
    },
    "packages/delete": {
      "name": "@power.js/rolldown-plugin-delete",
      "license": "Unlicense"
    }
  }
}
